# THIS IS AN AUTOGENERATED FILE. DO NOT EDIT THIS FILE DIRECTLY.
# yarn lockfile v1


"@babel/parser@^7.16.4":
  version "7.17.8"
  resolved "https://registry.yarnpkg.com/@babel/parser/-/parser-7.17.8.tgz#2817fb9d885dd8132ea0f8eb615a6388cca1c240"
  integrity sha512-BoHhDJrJXqcg+ZL16Xv39H9n+AqJ4pcDrQBGZN+wHxIysrLZ3/ECwCBUch/1zUNhnsXULcONU3Ei5Hmkfk6kiQ==

"@csstools/postcss-color-function@^1.0.3":
  version "1.0.3"
  resolved "https://registry.yarnpkg.com/@csstools/postcss-color-function/-/postcss-color-function-1.0.3.tgz#251c961a852c99e9aabdbbdbefd50e9a96e8a9ff"
  integrity sha512-J26I69pT2B3MYiLY/uzCGKVJyMYVg9TCpXkWsRlt+Yfq+nELUEm72QXIMYXs4xA9cJA4Oqs2EylrfokKl3mJEQ==
  dependencies:
    "@csstools/postcss-progressive-custom-properties" "^1.1.0"
    postcss-value-parser "^4.2.0"

"@csstools/postcss-font-format-keywords@^1.0.0":
  version "1.0.0"
  resolved "https://registry.yarnpkg.com/@csstools/postcss-font-format-keywords/-/postcss-font-format-keywords-1.0.0.tgz#7e7df948a83a0dfb7eb150a96e2390ac642356a1"
  integrity sha512-oO0cZt8do8FdVBX8INftvIA4lUrKUSCcWUf9IwH9IPWOgKT22oAZFXeHLoDK7nhB2SmkNycp5brxfNMRLIhd6Q==
  dependencies:
    postcss-value-parser "^4.2.0"

"@csstools/postcss-hwb-function@^1.0.0":
  version "1.0.0"
  resolved "https://registry.yarnpkg.com/@csstools/postcss-hwb-function/-/postcss-hwb-function-1.0.0.tgz#d6785c1c5ba8152d1d392c66f3a6a446c6034f6d"
  integrity sha512-VSTd7hGjmde4rTj1rR30sokY3ONJph1reCBTUXqeW1fKwETPy1x4t/XIeaaqbMbC5Xg4SM/lyXZ2S8NELT2TaA==
  dependencies:
    postcss-value-parser "^4.2.0"

"@csstools/postcss-ic-unit@^1.0.0":
  version "1.0.0"
  resolved "https://registry.yarnpkg.com/@csstools/postcss-ic-unit/-/postcss-ic-unit-1.0.0.tgz#f484db59fc94f35a21b6d680d23b0ec69b286b7f"
  integrity sha512-i4yps1mBp2ijrx7E96RXrQXQQHm6F4ym1TOD0D69/sjDjZvQ22tqiEvaNw7pFZTUO5b9vWRHzbHzP9+UKuw+bA==
  dependencies:
    "@csstools/postcss-progressive-custom-properties" "^1.1.0"
    postcss-value-parser "^4.2.0"

"@csstools/postcss-is-pseudo-class@^2.0.1":
  version "2.0.1"
  resolved "https://registry.yarnpkg.com/@csstools/postcss-is-pseudo-class/-/postcss-is-pseudo-class-2.0.1.tgz#472fff2cf434bdf832f7145b2a5491587e790c9e"
  integrity sha512-Og5RrTzwFhrKoA79c3MLkfrIBYmwuf/X83s+JQtz/Dkk/MpsaKtqHV1OOzYkogQ+tj3oYp5Mq39XotBXNqVc3Q==
  dependencies:
    postcss-selector-parser "^6.0.9"

"@csstools/postcss-normalize-display-values@^1.0.0":
  version "1.0.0"
  resolved "https://registry.yarnpkg.com/@csstools/postcss-normalize-display-values/-/postcss-normalize-display-values-1.0.0.tgz#ce698f688c28517447aedf15a9037987e3d2dc97"
  integrity sha512-bX+nx5V8XTJEmGtpWTO6kywdS725t71YSLlxWt78XoHUbELWgoCXeOFymRJmL3SU1TLlKSIi7v52EWqe60vJTQ==
  dependencies:
    postcss-value-parser "^4.2.0"

"@csstools/postcss-oklab-function@^1.0.2":
  version "1.0.2"
  resolved "https://registry.yarnpkg.com/@csstools/postcss-oklab-function/-/postcss-oklab-function-1.0.2.tgz#87cd646e9450347a5721e405b4f7cc35157b7866"
  integrity sha512-QwhWesEkMlp4narAwUi6pgc6kcooh8cC7zfxa9LSQNYXqzcdNUtNBzbGc5nuyAVreb7uf5Ox4qH1vYT3GA1wOg==
  dependencies:
    "@csstools/postcss-progressive-custom-properties" "^1.1.0"
    postcss-value-parser "^4.2.0"

"@csstools/postcss-progressive-custom-properties@^1.1.0", "@csstools/postcss-progressive-custom-properties@^1.3.0":
  version "1.3.0"
  resolved "https://registry.yarnpkg.com/@csstools/postcss-progressive-custom-properties/-/postcss-progressive-custom-properties-1.3.0.tgz#542292558384361776b45c85226b9a3a34f276fa"
  integrity sha512-ASA9W1aIy5ygskZYuWams4BzafD12ULvSypmaLJT2jvQ8G0M3I8PRQhC0h7mG0Z3LI05+agZjqSR9+K9yaQQjA==
  dependencies:
    postcss-value-parser "^4.2.0"

"@vitejs/plugin-vue@^2.2.0":
  version "2.2.4"
  resolved "https://registry.yarnpkg.com/@vitejs/plugin-vue/-/plugin-vue-2.2.4.tgz#ab8b199ca82496b05d2654c5f34ffcf9b947243d"
  integrity sha512-ev9AOlp0ljCaDkFZF3JwC/pD2N4Hh+r5srl5JHM6BKg5+99jiiK0rE/XaRs3pVm1wzyKkjUy/StBSoXX5fFzcw==

"@vue/compiler-core@3.2.31":
  version "3.2.31"
  resolved "https://registry.yarnpkg.com/@vue/compiler-core/-/compiler-core-3.2.31.tgz#d38f06c2cf845742403b523ab4596a3fda152e89"
  integrity sha512-aKno00qoA4o+V/kR6i/pE+aP+esng5siNAVQ422TkBNM6qA4veXiZbSe8OTXHXquEi/f6Akc+nLfB4JGfe4/WQ==
  dependencies:
    "@babel/parser" "^7.16.4"
    "@vue/shared" "3.2.31"
    estree-walker "^2.0.2"
    source-map "^0.6.1"

"@vue/compiler-dom@3.2.31":
  version "3.2.31"
  resolved "https://registry.yarnpkg.com/@vue/compiler-dom/-/compiler-dom-3.2.31.tgz#b1b7dfad55c96c8cc2b919cd7eb5fd7e4ddbf00e"
  integrity sha512-60zIlFfzIDf3u91cqfqy9KhCKIJgPeqxgveH2L+87RcGU/alT6BRrk5JtUso0OibH3O7NXuNOQ0cDc9beT0wrg==
  dependencies:
    "@vue/compiler-core" "3.2.31"
    "@vue/shared" "3.2.31"

"@vue/compiler-sfc@3.2.31":
  version "3.2.31"
  resolved "https://registry.yarnpkg.com/@vue/compiler-sfc/-/compiler-sfc-3.2.31.tgz#d02b29c3fe34d599a52c5ae1c6937b4d69f11c2f"
  integrity sha512-748adc9msSPGzXgibHiO6T7RWgfnDcVQD+VVwYgSsyyY8Ans64tALHZANrKtOzvkwznV/F4H7OAod/jIlp/dkQ==
  dependencies:
    "@babel/parser" "^7.16.4"
    "@vue/compiler-core" "3.2.31"
    "@vue/compiler-dom" "3.2.31"
    "@vue/compiler-ssr" "3.2.31"
    "@vue/reactivity-transform" "3.2.31"
    "@vue/shared" "3.2.31"
    estree-walker "^2.0.2"
    magic-string "^0.25.7"
    postcss "^8.1.10"
    source-map "^0.6.1"

"@vue/compiler-ssr@3.2.31":
  version "3.2.31"
  resolved "https://registry.yarnpkg.com/@vue/compiler-ssr/-/compiler-ssr-3.2.31.tgz#4fa00f486c9c4580b40a4177871ebbd650ecb99c"
  integrity sha512-mjN0rqig+A8TVDnsGPYJM5dpbjlXeHUm2oZHZwGyMYiGT/F4fhJf/cXy8QpjnLQK4Y9Et4GWzHn9PS8AHUnSkw==
  dependencies:
    "@vue/compiler-dom" "3.2.31"
    "@vue/shared" "3.2.31"

"@vue/reactivity-transform@3.2.31":
  version "3.2.31"
  resolved "https://registry.yarnpkg.com/@vue/reactivity-transform/-/reactivity-transform-3.2.31.tgz#0f5b25c24e70edab2b613d5305c465b50fc00911"
  integrity sha512-uS4l4z/W7wXdI+Va5pgVxBJ345wyGFKvpPYtdSgvfJfX/x2Ymm6ophQlXXB6acqGHtXuBqNyyO3zVp9b1r0MOA==
  dependencies:
    "@babel/parser" "^7.16.4"
    "@vue/compiler-core" "3.2.31"
    "@vue/shared" "3.2.31"
    estree-walker "^2.0.2"
    magic-string "^0.25.7"

"@vue/reactivity@3.2.31":
  version "3.2.31"
  resolved "https://registry.yarnpkg.com/@vue/reactivity/-/reactivity-3.2.31.tgz#fc90aa2cdf695418b79e534783aca90d63a46bbd"
  integrity sha512-HVr0l211gbhpEKYr2hYe7hRsV91uIVGFYNHj73njbARVGHQvIojkImKMaZNDdoDZOIkMsBc9a1sMqR+WZwfSCw==
  dependencies:
    "@vue/shared" "3.2.31"

"@vue/runtime-core@3.2.31":
  version "3.2.31"
  resolved "https://registry.yarnpkg.com/@vue/runtime-core/-/runtime-core-3.2.31.tgz#9d284c382f5f981b7a7b5971052a1dc4ef39ac7a"
  integrity sha512-Kcog5XmSY7VHFEMuk4+Gap8gUssYMZ2+w+cmGI6OpZWYOEIcbE0TPzzPHi+8XTzAgx1w/ZxDFcXhZeXN5eKWsA==
  dependencies:
    "@vue/reactivity" "3.2.31"
    "@vue/shared" "3.2.31"

"@vue/runtime-dom@3.2.31":
  version "3.2.31"
  resolved "https://registry.yarnpkg.com/@vue/runtime-dom/-/runtime-dom-3.2.31.tgz#79ce01817cb3caf2c9d923f669b738d2d7953eff"
  integrity sha512-N+o0sICVLScUjfLG7u9u5XCjvmsexAiPt17GNnaWHJUfsKed5e85/A3SWgKxzlxx2SW/Hw7RQxzxbXez9PtY3g==
  dependencies:
    "@vue/runtime-core" "3.2.31"
    "@vue/shared" "3.2.31"
    csstype "^2.6.8"

"@vue/server-renderer@3.2.31":
  version "3.2.31"
  resolved "https://registry.yarnpkg.com/@vue/server-renderer/-/server-renderer-3.2.31.tgz#201e9d6ce735847d5989403af81ef80960da7141"
  integrity sha512-8CN3Zj2HyR2LQQBHZ61HexF5NReqngLT3oahyiVRfSSvak+oAvVmu8iNLSu6XR77Ili2AOpnAt1y8ywjjqtmkg==
  dependencies:
    "@vue/compiler-ssr" "3.2.31"
    "@vue/shared" "3.2.31"

"@vue/shared@3.2.31":
  version "3.2.31"
  resolved "https://registry.yarnpkg.com/@vue/shared/-/shared-3.2.31.tgz#c90de7126d833dcd3a4c7534d534be2fb41faa4e"
  integrity sha512-ymN2pj6zEjiKJZbrf98UM2pfDd6F2H7ksKw7NDt/ZZ1fh5Ei39X5tABugtT03ZRlWd9imccoK0hE8hpjpU7irQ==

acorn-jsx@^5.3.1:
  version "5.3.2"
  resolved "https://registry.yarnpkg.com/acorn-jsx/-/acorn-jsx-5.3.2.tgz#7ed5bb55908b3b2f1bc55c6af1653bada7f07937"
  integrity sha512-rq9s+JNhf0IChjtDXxllJ7g41oZk5SlXtp0LHwyA5cejwn7vKmKp4pPri6YEePv2PU65sAsegbXtIinmDFDXgQ==

acorn@^8.7.0:
  version "8.7.0"
  resolved "https://registry.yarnpkg.com/acorn/-/acorn-8.7.0.tgz#90951fde0f8f09df93549481e5fc141445b791cf"
  integrity sha512-V/LGr1APy+PXIwKebEWrkZPwoeoF+w1jiOBUmuxuiUIaOHtob8Qc9BTrYo7VuI5fR8tqsy+buA2WFooR5olqvQ==

autoprefixer@^10.4.4:
  version "10.4.4"
  resolved "https://registry.yarnpkg.com/autoprefixer/-/autoprefixer-10.4.4.tgz#3e85a245b32da876a893d3ac2ea19f01e7ea5a1e"
  integrity sha512-Tm8JxsB286VweiZ5F0anmbyGiNI3v3wGv3mz9W+cxEDYB/6jbnj6GM9H9mK3wIL8ftgl+C07Lcwb8PG5PCCPzA==
  dependencies:
    browserslist "^4.20.2"
    caniuse-lite "^1.0.30001317"
    fraction.js "^4.2.0"
    normalize-range "^0.1.2"
    picocolors "^1.0.0"
    postcss-value-parser "^4.2.0"

balanced-match@^1.0.0:
  version "1.0.2"
  resolved "https://registry.yarnpkg.com/balanced-match/-/balanced-match-1.0.2.tgz#e83e3a7e3f300b34cb9d87f615fa0cbf357690ee"
  integrity sha512-3oSeUO0TMV67hN1AmbXsK4yaqU7tjiHlbxRDZOpH0KW9+CeX4bRAaX0Anxt0tx2MrpRpWwQaPwIlISEJhYU5Pw==

browserslist@^4.20.2:
  version "4.20.2"
  resolved "https://registry.yarnpkg.com/browserslist/-/browserslist-4.20.2.tgz#567b41508757ecd904dab4d1c646c612cd3d4f88"
  integrity sha512-CQOBCqp/9pDvDbx3xfMi+86pr4KXIf2FDkTTdeuYw8OxS9t898LA1Khq57gtufFILXpfgsSx5woNgsBgvGjpsA==
  dependencies:
    caniuse-lite "^1.0.30001317"
    electron-to-chromium "^1.4.84"
    escalade "^3.1.1"
    node-releases "^2.0.2"
    picocolors "^1.0.0"

caniuse-lite@^1.0.30001317:
  version "1.0.30001322"
  resolved "https://registry.yarnpkg.com/caniuse-lite/-/caniuse-lite-1.0.30001322.tgz#2e4c09d11e1e8f852767dab287069a8d0c29d623"
  integrity sha512-neRmrmIrCGuMnxGSoh+x7zYtQFFgnSY2jaomjU56sCkTA6JINqQrxutF459JpWcWRajvoyn95sOXq4Pqrnyjew==

copy-anything@^2.0.1:
  version "2.0.6"
  resolved "https://registry.yarnpkg.com/copy-anything/-/copy-anything-2.0.6.tgz#092454ea9584a7b7ad5573062b2a87f5900fc480"
  integrity sha512-1j20GZTsvKNkc4BY3NpMOM8tt///wY3FpIzozTOFO2ffuZcV61nojHXVKIy3WM+7ADCy5FVhdZYHYDdgTU0yJw==
  dependencies:
    is-what "^3.14.1"

css-blank-pseudo@^3.0.3:
  version "3.0.3"
  resolved "https://registry.yarnpkg.com/css-blank-pseudo/-/css-blank-pseudo-3.0.3.tgz#36523b01c12a25d812df343a32c322d2a2324561"
  integrity sha512-VS90XWtsHGqoM0t4KpH053c4ehxZ2E6HtGI7x68YFV0pTo/QmkV/YFA+NnlvK8guxZVNWGQhVNJGC39Q8XF4OQ==
  dependencies:
    postcss-selector-parser "^6.0.9"

css-has-pseudo@^3.0.4:
  version "3.0.4"
  resolved "https://registry.yarnpkg.com/css-has-pseudo/-/css-has-pseudo-3.0.4.tgz#57f6be91ca242d5c9020ee3e51bbb5b89fc7af73"
  integrity sha512-Vse0xpR1K9MNlp2j5w1pgWIJtm1a8qS0JwS9goFYcImjlHEmywP9VUF05aGBXzGpDJF86QXk4L0ypBmwPhGArw==
  dependencies:
    postcss-selector-parser "^6.0.9"

css-prefers-color-scheme@^6.0.3:
  version "6.0.3"
  resolved "https://registry.yarnpkg.com/css-prefers-color-scheme/-/css-prefers-color-scheme-6.0.3.tgz#ca8a22e5992c10a5b9d315155e7caee625903349"
  integrity sha512-4BqMbZksRkJQx2zAjrokiGMd07RqOa2IxIrrN10lyBe9xhn9DEvjUK79J6jkeiv9D9hQFXKb6g1jwU62jziJZA==

cssdb@^6.5.0:
  version "6.5.0"
  resolved "https://registry.yarnpkg.com/cssdb/-/cssdb-6.5.0.tgz#61264b71f29c834f09b59cb3e5b43c8226590122"
  integrity sha512-Rh7AAopF2ckPXe/VBcoUS9JrCZNSyc60+KpgE6X25vpVxA32TmiqvExjkfhwP4wGSb6Xe8Z/JIyGqwgx/zZYFA==

cssesc@^3.0.0:
  version "3.0.0"
  resolved "https://registry.yarnpkg.com/cssesc/-/cssesc-3.0.0.tgz#37741919903b868565e1c09ea747445cd18983ee"
  integrity sha512-/Tb/JcjK111nNScGob5MNtsntNM1aCNUDipB/TkwZFhyDrrE47SOx/18wF2bbjgc3ZzCSKW1T5nt5EbFoAz/Vg==

csstype@^2.6.8:
  version "2.6.20"
  resolved "https://registry.yarnpkg.com/csstype/-/csstype-2.6.20.tgz#9229c65ea0b260cf4d3d997cb06288e36a8d6dda"
  integrity sha512-/WwNkdXfckNgw6S5R125rrW8ez139lBHWouiBvX8dfMFtcn6V81REDqnH7+CRpRipfYlyU1CmOnOxrmGcFOjeA==

debug@^3.2.6:
  version "3.2.7"
  resolved "https://registry.yarnpkg.com/debug/-/debug-3.2.7.tgz#72580b7e9145fb39b6676f9c5e5fb100b934179a"
  integrity sha512-CFjzYYAi4ThfiQvizrFQevTTXHtnCqWfe7x1AhgEscTz6ZbLbfoLRLPugTQyBth6f8ZERVUSyWHFD/7Wu4t1XQ==
  dependencies:
    ms "^2.1.1"

debug@^4.3.2:
  version "4.3.4"
  resolved "https://registry.yarnpkg.com/debug/-/debug-4.3.4.tgz#1319f6579357f2338d3337d2cdd4914bb5dcc865"
  integrity sha512-PRWFHuSU3eDtQJPvnNY7Jcket1j0t5OuOsFzPPzsekD52Zl8qUfFIPEiswXqIvHWGVHOgX+7G/vCNNhehwxfkQ==
  dependencies:
    ms "2.1.2"

electron-to-chromium@^1.4.84:
  version "1.4.103"
  resolved "https://registry.yarnpkg.com/electron-to-chromium/-/electron-to-chromium-1.4.103.tgz#abfe376a4d70fa1e1b4b353b95df5d6dfd05da3a"
  integrity sha512-c/uKWR1Z/W30Wy/sx3dkZoj4BijbXX85QKWu9jJfjho3LBAXNEGAEW3oWiGb+dotA6C6BzCTxL2/aLes7jlUeg==

errno@^0.1.1:
  version "0.1.8"
  resolved "https://registry.yarnpkg.com/errno/-/errno-0.1.8.tgz#8bb3e9c7d463be4976ff888f76b4809ebc2e811f"
  integrity sha512-dJ6oBr5SQ1VSd9qkk7ByRgb/1SH4JZjCHSW/mr63/QcXO9zLVxvJ6Oy13nio03rxpSnVDDjFor75SjVeZWPW/A==
  dependencies:
    prr "~1.0.1"

esbuild-android-64@0.14.28:
  version "0.14.28"
  resolved "https://registry.yarnpkg.com/esbuild-android-64/-/esbuild-android-64-0.14.28.tgz#69c7a8a4f4a888eb5584afb035524b0fda7affff"
  integrity sha512-A52C3zq+9tNwCqZ+4kVLBxnk/WnrYM8P2+QNvNE9B6d2OVPs214lp3g6UyO+dKDhUdefhfPCuwkP8j2A/+szNA==

esbuild-android-arm64@0.14.28:
  version "0.14.28"
  resolved "https://registry.yarnpkg.com/esbuild-android-arm64/-/esbuild-android-arm64-0.14.28.tgz#110ff82019e75b866b53844c32f19f7933b4ce36"
  integrity sha512-sm0fDEGElZhMC3HLZeECI2juE4aG7uPfMBMqNUhy9CeX399Pz8rC6e78OXMXInGjSdEAwQmCOHmfsP7uv3Q8rA==

esbuild-darwin-64@0.14.28:
  version "0.14.28"
  resolved "https://registry.yarnpkg.com/esbuild-darwin-64/-/esbuild-darwin-64-0.14.28.tgz#d929ce16035da6047504fe8a71587d2ac9b756ed"
  integrity sha512-nzDd7mQ44FvsFHtOafZdBgn3Li5SMsnMnoz1J2MM37xJmR3wGNTFph88KypjHgWqwbxCI7MXS1U+sN4qDeeW6Q==

esbuild-darwin-arm64@0.14.28:
  version "0.14.28"
  resolved "https://registry.yarnpkg.com/esbuild-darwin-arm64/-/esbuild-darwin-arm64-0.14.28.tgz#75e1cb75c2230c541be1707c6751395fee9f6bbd"
  integrity sha512-XEq/bLR/glsUl+uGrBimQzOVs/CmwI833fXUhP9xrLI3IJ+rKyrZ5IA8u+1crOEf1LoTn8tV+hInmX6rGjbScw==

esbuild-freebsd-64@0.14.28:
  version "0.14.28"
  resolved "https://registry.yarnpkg.com/esbuild-freebsd-64/-/esbuild-freebsd-64-0.14.28.tgz#3579fd41f4c090d52e1a9134743e591c6aea49d7"
  integrity sha512-rTKLgUj/HEcPeE5XZ7IZwWpFx7IWMfprN7QRk/TUJE1s1Ipb58esboIesUpjirJz/BwrgHq+FDG9ChAI8dZAtQ==

esbuild-freebsd-arm64@0.14.28:
  version "0.14.28"
  resolved "https://registry.yarnpkg.com/esbuild-freebsd-arm64/-/esbuild-freebsd-arm64-0.14.28.tgz#de1c102a40005fa9da5160c0242b2de89ffd2d7b"
  integrity sha512-sBffxD1UMOsB7aWMoExmipycjcy3HJGwmqE4GQZUTZvdiH4GhjgUiVdtPyt7kSCdL40JqnWQJ4b1l8Y51oCF4Q==

esbuild-linux-32@0.14.28:
  version "0.14.28"
  resolved "https://registry.yarnpkg.com/esbuild-linux-32/-/esbuild-linux-32-0.14.28.tgz#cdb8ac2000df06044450bf33a93b9d63d61bb669"
  integrity sha512-+Wxidh3fBEQ9kHcCsD4etlBTMb1n6QY2uXv3rFhVn88CY/JP782MhA57/ipLMY4kOLeSKEuFGN4rtjHuhmRMig==

esbuild-linux-64@0.14.28:
  version "0.14.28"
  resolved "https://registry.yarnpkg.com/esbuild-linux-64/-/esbuild-linux-64-0.14.28.tgz#b1e961d42af89dab8c3c0ce86420a7657765f0ae"
  integrity sha512-7+xgsC4LvR6cnzaBdiljNnPDjbkwzahogN+S9uy9AoYw7ZjPnnXc6sjQAVCbqGb7MEgrWdpa6u/Tao79i4lWxg==

esbuild-linux-arm64@0.14.28:
  version "0.14.28"
  resolved "https://registry.yarnpkg.com/esbuild-linux-arm64/-/esbuild-linux-arm64-0.14.28.tgz#f69e6ace792a4985b9760b443dbf627e5e3d2126"
  integrity sha512-EjRHgwg+kgXABzyoPGPOPg4d5wZqRnZ/ZAxBDzLY+i6DS8OUfTSlZHWIOZzU4XF7125WxRBg9ULbrFJBl+57Eg==

esbuild-linux-arm@0.14.28:
  version "0.14.28"
  resolved "https://registry.yarnpkg.com/esbuild-linux-arm/-/esbuild-linux-arm-0.14.28.tgz#9c2fa45578686370a5d782314f321a2c6b641270"
  integrity sha512-L5isjmlLbh9E0WVllXiVETbScgMbth/+XkXQii1WwgO1RvLIfaGrVFz8d2n6EH/ImtgYxPYGx+OcvIKQBc91Rg==

esbuild-linux-mips64le@0.14.28:
  version "0.14.28"
  resolved "https://registry.yarnpkg.com/esbuild-linux-mips64le/-/esbuild-linux-mips64le-0.14.28.tgz#99d78f0380640aa7faa2c4c49ac21229bdf33c7c"
  integrity sha512-krx9SSg7yfiUKk64EmjefOyiEF6nv2bRE4um/LiTaQ6Y/6FP4UF3/Ou/AxZVyR154uSRq63xejcAsmswXAYRsw==

esbuild-linux-ppc64le@0.14.28:
  version "0.14.28"
  resolved "https://registry.yarnpkg.com/esbuild-linux-ppc64le/-/esbuild-linux-ppc64le-0.14.28.tgz#7388fa0c76033b4ca85b74071cb793d41ae77642"
  integrity sha512-LD0Xxu9g+DNuhsEBV5QuVZ4uKVBMup0xPIruLweuAf9/mHXFnaCuNXUBF5t0DxKl7GQ5MSioKtnb92oMo+QXEw==

esbuild-linux-riscv64@0.14.28:
  version "0.14.28"
  resolved "https://registry.yarnpkg.com/esbuild-linux-riscv64/-/esbuild-linux-riscv64-0.14.28.tgz#99e4a8afe4762e927ebe02009e1927e38f3256ab"
  integrity sha512-L/DWfRh2P0vxq4Y+qieSNXKGdMg+e9Qe8jkbN2/8XSGYDTPzO2OcAxSujob4qIh7iSl+cknbXV+BvH0YFR0jbg==

esbuild-linux-s390x@0.14.28:
  version "0.14.28"
  resolved "https://registry.yarnpkg.com/esbuild-linux-s390x/-/esbuild-linux-s390x-0.14.28.tgz#38a625399ffc78f3b8b555ebe2013347256a9a8a"
  integrity sha512-rrgxmsbmL8QQknWGnAL9bGJRQYLOi2AzXy5OTwfhxnj9eqjo5mSVbJXjgiq5LPUAMQZGdPH5yaNK0obAXS81Zw==

esbuild-netbsd-64@0.14.28:
  version "0.14.28"
  resolved "https://registry.yarnpkg.com/esbuild-netbsd-64/-/esbuild-netbsd-64-0.14.28.tgz#fdc09dd69313f42be034276cc780bf60c09266b6"
  integrity sha512-h8wntIyOR8/xMVVM6TvJxxWKh4AjmLK87IPKpuVi8Pq0kyk0RMA+eo4PFGk5j2XK0D7dj8PcSF5NSlP9kN/j0A==

esbuild-openbsd-64@0.14.28:
  version "0.14.28"
  resolved "https://registry.yarnpkg.com/esbuild-openbsd-64/-/esbuild-openbsd-64-0.14.28.tgz#9d7b0ca421ae580ab945c69c33eabd793262a84c"
  integrity sha512-HBv18rVapbuDx52/fhZ/c/w6TXyaQAvRxiDDn5Hz/pBcwOs3cdd2WxeIKlWmDoqm2JMx5EVlq4IWgoaRX9mVkw==

esbuild-sunos-64@0.14.28:
  version "0.14.28"
  resolved "https://registry.yarnpkg.com/esbuild-sunos-64/-/esbuild-sunos-64-0.14.28.tgz#5b82807ebe435519a2689e1a4d50b8a3cc5c64c0"
  integrity sha512-zlIxePhZxKYheR2vBCgPVvTixgo/ozOfOMoP6RZj8dxzquU1NgeyhjkcRXucbLCtmoNJ+i4PtWwPZTLuDd3bGg==

esbuild-windows-32@0.14.28:
  version "0.14.28"
  resolved "https://registry.yarnpkg.com/esbuild-windows-32/-/esbuild-windows-32-0.14.28.tgz#5cf740782fadc865c00aa0d8388e42012bcf496e"
  integrity sha512-am9DIJxXlld1BOAY/VlvBQHMUCPL7S3gB/lnXIY3M4ys0gfuRqPf4EvMwZMzYUbFKBY+/Qb8SRgPRRGhwnJ8Kg==

esbuild-windows-64@0.14.28:
  version "0.14.28"
  resolved "https://registry.yarnpkg.com/esbuild-windows-64/-/esbuild-windows-64-0.14.28.tgz#6e3ec1b0225d668a2da21e2ffeff2353b5c9a567"
  integrity sha512-78PhySDnmRZlsPNp/W/5Fim8iivlBQQxfhBFIqR7xwvfDmCFUSByyMKP7LCHgNtb04yNdop8nJJkJaQ8Xnwgiw==

esbuild-windows-arm64@0.14.28:
  version "0.14.28"
  resolved "https://registry.yarnpkg.com/esbuild-windows-arm64/-/esbuild-windows-arm64-0.14.28.tgz#c527d52ec7d1f868259d0f74ecc4003e8475125d"
  integrity sha512-VhXGBTo6HELD8zyHXynV6+L2jWx0zkKnGx4TmEdSBK7UVFACtOyfUqpToG0EtnYyRZ0HESBhzPSVpP781ovmvA==

esbuild@^0.14.14:
  version "0.14.28"
  resolved "https://registry.yarnpkg.com/esbuild/-/esbuild-0.14.28.tgz#7738635d2ea19e446bd319d83a1802545e6aebb8"
  integrity sha512-YLNprkCcMVKQ5sekmCKEQ3Obu/L7s6+iij38xNKyBeSmSsTWur4Ky/9zB3XIGT8SCJITG/bZwAR2l7YOAXch4Q==
  optionalDependencies:
    esbuild-android-64 "0.14.28"
    esbuild-android-arm64 "0.14.28"
    esbuild-darwin-64 "0.14.28"
    esbuild-darwin-arm64 "0.14.28"
    esbuild-freebsd-64 "0.14.28"
    esbuild-freebsd-arm64 "0.14.28"
    esbuild-linux-32 "0.14.28"
    esbuild-linux-64 "0.14.28"
    esbuild-linux-arm "0.14.28"
    esbuild-linux-arm64 "0.14.28"
    esbuild-linux-mips64le "0.14.28"
    esbuild-linux-ppc64le "0.14.28"
    esbuild-linux-riscv64 "0.14.28"
    esbuild-linux-s390x "0.14.28"
    esbuild-netbsd-64 "0.14.28"
    esbuild-openbsd-64 "0.14.28"
    esbuild-sunos-64 "0.14.28"
    esbuild-windows-32 "0.14.28"
    esbuild-windows-64 "0.14.28"
    esbuild-windows-arm64 "0.14.28"

escalade@^3.1.1:
  version "3.1.1"
  resolved "https://registry.yarnpkg.com/escalade/-/escalade-3.1.1.tgz#d8cfdc7000965c5a0174b4a82eaa5c0552742e40"
  integrity sha512-k0er2gUkLf8O0zKJiAhmkTnJlTvINGv7ygDNPbeIsX/TJjGJZHuh9B2UxbsaEkmlEo9MfhrSzmhIlhRlI2GXnw==

eslint-config-standard@^16.0.3:
  version "16.0.3"
  resolved "https://registry.yarnpkg.com/eslint-config-standard/-/eslint-config-standard-16.0.3.tgz#6c8761e544e96c531ff92642eeb87842b8488516"
  integrity sha512-x4fmJL5hGqNJKGHSjnLdgA6U6h1YW/G2dW9fA+cyVur4SK6lyue8+UgNKWlZtUDTXvgKDD/Oa3GQjmB5kjtVvg==

eslint-plugin-vue@^8.5.0:
  version "8.5.0"
  resolved "https://registry.yarnpkg.com/eslint-plugin-vue/-/eslint-plugin-vue-8.5.0.tgz#65832bba43ca713fa5da16bdfcf55d0095677f6f"
  integrity sha512-i1uHCTAKOoEj12RDvdtONWrGzjFm/djkzqfhmQ0d6M/W8KM81mhswd/z+iTZ0jCpdUedW3YRgcVfQ37/J4zoYQ==
  dependencies:
    eslint-utils "^3.0.0"
    natural-compare "^1.4.0"
    semver "^7.3.5"
    vue-eslint-parser "^8.0.1"

eslint-scope@^7.0.0:
  version "7.1.1"
  resolved "https://registry.yarnpkg.com/eslint-scope/-/eslint-scope-7.1.1.tgz#fff34894c2f65e5226d3041ac480b4513a163642"
  integrity sha512-QKQM/UXpIiHcLqJ5AOyIW7XZmzjkzQXYE54n1++wb0u9V/abW3l9uQnxX8Z5Xd18xyKIMTUAyQ0k1e8pz6LUrw==
  dependencies:
    esrecurse "^4.3.0"
    estraverse "^5.2.0"

eslint-utils@^3.0.0:
  version "3.0.0"
  resolved "https://registry.yarnpkg.com/eslint-utils/-/eslint-utils-3.0.0.tgz#8aebaface7345bb33559db0a1f13a1d2d48c3672"
  integrity sha512-uuQC43IGctw68pJA1RgbQS8/NP7rch6Cwd4j3ZBtgo4/8Flj4eGE7ZYSZRN3iq5pVUv6GPdW5Z1RFleo84uLDA==
  dependencies:
    eslint-visitor-keys "^2.0.0"

eslint-visitor-keys@^2.0.0:
  version "2.1.0"
  resolved "https://registry.yarnpkg.com/eslint-visitor-keys/-/eslint-visitor-keys-2.1.0.tgz#f65328259305927392c938ed44eb0a5c9b2bd303"
  integrity sha512-0rSmRBzXgDzIsD6mGdJgevzgezI534Cer5L/vyMX0kHzT/jiB43jRhd9YUlMGYLQy2zprNmoT8qasCGtY+QaKw==

eslint-visitor-keys@^3.1.0, eslint-visitor-keys@^3.3.0:
  version "3.3.0"
  resolved "https://registry.yarnpkg.com/eslint-visitor-keys/-/eslint-visitor-keys-3.3.0.tgz#f6480fa6b1f30efe2d1968aa8ac745b862469826"
  integrity sha512-mQ+suqKJVyeuwGYHAdjMFqjCyfl8+Ldnxuyp3ldiMBFKkvytrXUZWaiPCEav8qDHKty44bD+qV1IP4T+w+xXRA==

espree@^9.0.0:
  version "9.3.1"
  resolved "https://registry.yarnpkg.com/espree/-/espree-9.3.1.tgz#8793b4bc27ea4c778c19908e0719e7b8f4115bcd"
  integrity sha512-bvdyLmJMfwkV3NCRl5ZhJf22zBFo1y8bYh3VYb+bfzqNB4Je68P2sSuXyuFquzWLebHpNd2/d5uv7yoP9ISnGQ==
  dependencies:
    acorn "^8.7.0"
    acorn-jsx "^5.3.1"
    eslint-visitor-keys "^3.3.0"

esquery@^1.4.0:
  version "1.4.0"
  resolved "https://registry.yarnpkg.com/esquery/-/esquery-1.4.0.tgz#2148ffc38b82e8c7057dfed48425b3e61f0f24a5"
  integrity sha512-cCDispWt5vHHtwMY2YrAQ4ibFkAL8RbH5YGBnZBc90MolvvfkkQcJro/aZiAQUlQ3qgrYS6D6v8Gc5G5CQsc9w==
  dependencies:
    estraverse "^5.1.0"

esrecurse@^4.3.0:
  version "4.3.0"
  resolved "https://registry.yarnpkg.com/esrecurse/-/esrecurse-4.3.0.tgz#7ad7964d679abb28bee72cec63758b1c5d2c9921"
  integrity sha512-KmfKL3b6G+RXvP8N1vr3Tq1kL/oCFgn2NYXEtqP8/L3pKapUA4G8cFVaoF3SU323CD4XypR/ffioHmkti6/Tag==
  dependencies:
    estraverse "^5.2.0"

estraverse@^5.1.0, estraverse@^5.2.0:
  version "5.3.0"
  resolved "https://registry.yarnpkg.com/estraverse/-/estraverse-5.3.0.tgz#2eea5290702f26ab8fe5370370ff86c965d21123"
  integrity sha512-MMdARuVEQziNTeJD8DgMqmhwR11BRQ/cBP+pLtYdSTnf3MIO8fFeiINEbX36ZdNlfU/7A9f3gUw49B3oQsvwBA==

estree-walker@^2.0.2:
  version "2.0.2"
  resolved "https://registry.yarnpkg.com/estree-walker/-/estree-walker-2.0.2.tgz#52f010178c2a4c117a7757cfe942adb7d2da4cac"
  integrity sha512-Rfkk/Mp/DL7JVje3u18FxFujQlTNR2q6QfMSMB7AvCBx91NGj/ba3kCfza0f6dVDbw7YlRf/nDrn7pQrCCyQ/w==

fraction.js@^4.2.0:
  version "4.2.0"
  resolved "https://registry.yarnpkg.com/fraction.js/-/fraction.js-4.2.0.tgz#448e5109a313a3527f5a3ab2119ec4cf0e0e2950"
  integrity sha512-MhLuK+2gUcnZe8ZHlaaINnQLl0xRIGRfcGk2yl8xoQAfHrSsL3rYu6FCmBdkdbhc9EPlwyGHewaRsvwRMJtAlA==

fsevents@~2.3.2:
  version "2.3.2"
  resolved "https://registry.yarnpkg.com/fsevents/-/fsevents-2.3.2.tgz#8a526f78b8fdf4623b709e0b975c52c24c02fd1a"
  integrity sha512-xiqMQR4xAeHTuB9uWm+fFRcIOgKBMiOBP+eXiyT7jsgVCq1bkVygt00oASowB7EdtpOHaaPgKt812P9ab+DDKA==

function-bind@^1.1.1:
  version "1.1.1"
  resolved "https://registry.yarnpkg.com/function-bind/-/function-bind-1.1.1.tgz#a56899d3ea3c9bab874bb9773b7c5ede92f4895d"
  integrity sha512-yIovAzMX49sF8Yl58fSCWJ5svSLuaibPxXQJFLmBObTuCr0Mf1KiPopGM9NiFjiYBCbfaa2Fh6breQ6ANVTI0A==

graceful-fs@^4.1.2:
  version "4.2.9"
  resolved "https://registry.yarnpkg.com/graceful-fs/-/graceful-fs-4.2.9.tgz#041b05df45755e587a24942279b9d113146e1c96"
  integrity sha512-NtNxqUcXgpW2iMrfqSfR73Glt39K+BLwWsPs94yR63v45T0Wbej7eRmL5cWfwEgqXnmjQp3zaJTshdRW/qC2ZQ==

has@^1.0.3:
  version "1.0.3"
  resolved "https://registry.yarnpkg.com/has/-/has-1.0.3.tgz#722d7cbfc1f6aa8241f16dd814e011e1f41e8796"
  integrity sha512-f2dvO0VU6Oej7RkWJGrehjbzMAjFp5/VKPp5tTpWIV4JHHZK1/BxbFRtf/siA2SWTe09caDmVtYYzWEIbBS4zw==
  dependencies:
    function-bind "^1.1.1"

iconv-lite@^0.4.4:
  version "0.4.24"
  resolved "https://registry.yarnpkg.com/iconv-lite/-/iconv-lite-0.4.24.tgz#2022b4b25fbddc21d2f524974a474aafe733908b"
  integrity sha512-v3MXnZAcvnywkTUEZomIActle7RXXeedOR31wwl7VlyoXO4Qi9arvSenNQWne1TcRwhCL1HwLI21bEqdpj8/rA==
  dependencies:
    safer-buffer ">= 2.1.2 < 3"

image-size@~0.5.0:
  version "0.5.5"
  resolved "https://registry.yarnpkg.com/image-size/-/image-size-0.5.5.tgz#09dfd4ab9d20e29eb1c3e80b8990378df9e3cb9c"
  integrity sha1-Cd/Uq50g4p6xw+gLiZA3jfnjy5w=

is-core-module@^2.8.1:
  version "2.8.1"
  resolved "https://registry.yarnpkg.com/is-core-module/-/is-core-module-2.8.1.tgz#f59fdfca701d5879d0a6b100a40aa1560ce27211"
  integrity sha512-SdNCUs284hr40hFTFP6l0IfZ/RSrMXF3qgoRHd3/79unUTvrFO/JoXwkGm+5J/Oe3E/b5GsnG330uUNgRpu1PA==
  dependencies:
    has "^1.0.3"

is-what@^3.14.1:
  version "3.14.1"
  resolved "https://registry.yarnpkg.com/is-what/-/is-what-3.14.1.tgz#e1222f46ddda85dead0fd1c9df131760e77755c1"
  integrity sha512-sNxgpk9793nzSs7bA6JQJGeIuRBQhAaNGG77kzYQgMkrID+lS6SlK07K5LaptscDlSaIgH+GPFzf+d75FVxozA==

less@^4.1.2:
  version "4.1.2"
  resolved "https://registry.yarnpkg.com/less/-/less-4.1.2.tgz#6099ee584999750c2624b65f80145f8674e4b4b0"
  integrity sha512-EoQp/Et7OSOVu0aJknJOtlXZsnr8XE8KwuzTHOLeVSEx8pVWUICc8Q0VYRHgzyjX78nMEyC/oztWFbgyhtNfDA==
  dependencies:
    copy-anything "^2.0.1"
    parse-node-version "^1.0.1"
    tslib "^2.3.0"
  optionalDependencies:
    errno "^0.1.1"
    graceful-fs "^4.1.2"
    image-size "~0.5.0"
    make-dir "^2.1.0"
    mime "^1.4.1"
    needle "^2.5.2"
    source-map "~0.6.0"

lodash@^4.17.21:
  version "4.17.21"
  resolved "https://registry.yarnpkg.com/lodash/-/lodash-4.17.21.tgz#679591c564c3bffaae8454cf0b3df370c3d6911c"
  integrity sha512-v2kDEe57lecTulaDIuNTPy3Ry4gLGJ6Z1O3vE1krgXZNrsQ+LFTGHVxVjcXPs17LhbZVGedAJv8XZ1tvj5FvSg==

lru-cache@^6.0.0:
  version "6.0.0"
  resolved "https://registry.yarnpkg.com/lru-cache/-/lru-cache-6.0.0.tgz#6d6fe6570ebd96aaf90fcad1dafa3b2566db3a94"
  integrity sha512-Jo6dJ04CmSjuznwJSS3pUeWmd/H0ffTlkXXgwZi+eq1UCmqQwCh+eLsYOYCwY991i2Fah4h1BEMCx4qThGbsiA==
  dependencies:
    yallist "^4.0.0"

magic-string@^0.25.7:
  version "0.25.9"
  resolved "https://registry.yarnpkg.com/magic-string/-/magic-string-0.25.9.tgz#de7f9faf91ef8a1c91d02c2e5314c8277dbcdd1c"
  integrity sha512-RmF0AsMzgt25qzqqLc1+MbHmhdx0ojF2Fvs4XnOqz2ZOBXzzkEwc/dJQZCYHAn7v1jbVOjAZfK8msRn4BxO4VQ==
  dependencies:
    sourcemap-codec "^1.4.8"

make-dir@^2.1.0:
  version "2.1.0"
  resolved "https://registry.yarnpkg.com/make-dir/-/make-dir-2.1.0.tgz#5f0310e18b8be898cc07009295a30ae41e91e6f5"
  integrity sha512-LS9X+dc8KLxXCb8dni79fLIIUA5VyZoyjSMCwTluaXA0o27cCK0bhXkpgw+sTXVpPy/lSO57ilRixqk0vDmtRA==
  dependencies:
    pify "^4.0.1"
    semver "^5.6.0"

mime@^1.4.1:
  version "1.6.0"
  resolved "https://registry.yarnpkg.com/mime/-/mime-1.6.0.tgz#32cd9e5c64553bd58d19a568af452acff04981b1"
  integrity sha512-x0Vn8spI+wuJ1O6S7gnbaQg8Pxh4NNHb7KSINmEWKiPE4RKOplvijn+NkmYmmRgP68mc70j2EbeTFRsrswaQeg==

ms@2.1.2:
  version "2.1.2"
  resolved "https://registry.yarnpkg.com/ms/-/ms-2.1.2.tgz#d09d1f357b443f493382a8eb3ccd183872ae6009"
  integrity sha512-sGkPx+VjMtmA6MX27oA4FBFELFCZZ4S4XqeGOXCv68tT+jb3vk/RyaKWP0PTKyWtmLSM0b+adUTEvbs1PEaH2w==

ms@^2.1.1:
  version "2.1.3"
  resolved "https://registry.yarnpkg.com/ms/-/ms-2.1.3.tgz#574c8138ce1d2b5861f0b44579dbadd60c6615b2"
  integrity sha512-6FlzubTLZG3J2a/NVCAleEhjzq5oxgHyaCU9yYXvcLsvoVaHJq/s5xXI6/XXP6tz7R9xAOtHnSO/tXtF3WRTlA==

nanoid@^3.3.1:
  version "3.3.2"
  resolved "https://registry.yarnpkg.com/nanoid/-/nanoid-3.3.2.tgz#c89622fafb4381cd221421c69ec58547a1eec557"
  integrity sha512-CuHBogktKwpm5g2sRgv83jEy2ijFzBwMoYA60orPDR7ynsLijJDqgsi4RDGj3OJpy3Ieb+LYwiRmIOGyytgITA==

natural-compare@^1.4.0:
  version "1.4.0"
  resolved "https://registry.yarnpkg.com/natural-compare/-/natural-compare-1.4.0.tgz#4abebfeed7541f2c27acfb29bdbbd15c8d5ba4f7"
  integrity sha1-Sr6/7tdUHywnrPspvbvRXI1bpPc=

needle@^2.5.2:
  version "2.9.1"
  resolved "https://registry.yarnpkg.com/needle/-/needle-2.9.1.tgz#22d1dffbe3490c2b83e301f7709b6736cd8f2684"
  integrity sha512-6R9fqJ5Zcmf+uYaFgdIHmLwNldn5HbK8L5ybn7Uz+ylX/rnOsSp1AHcvQSrCaFN+qNM1wpymHqD7mVasEOlHGQ==
  dependencies:
    debug "^3.2.6"
    iconv-lite "^0.4.4"
    sax "^1.2.4"

node-releases@^2.0.2:
  version "2.0.2"
  resolved "https://registry.yarnpkg.com/node-releases/-/node-releases-2.0.2.tgz#7139fe71e2f4f11b47d4d2986aaf8c48699e0c01"
  integrity sha512-XxYDdcQ6eKqp/YjI+tb2C5WM2LgjnZrfYg4vgQt49EK268b6gYCHsBLrK2qvJo4FmCtqmKezb0WZFK4fkrZNsg==

normalize-range@^0.1.2:
  version "0.1.2"
  resolved "https://registry.yarnpkg.com/normalize-range/-/normalize-range-0.1.2.tgz#2d10c06bdfd312ea9777695a4d28439456b75942"
  integrity sha1-LRDAa9/TEuqXd2laTShDlFa3WUI=

parse-node-version@^1.0.1:
  version "1.0.1"
  resolved "https://registry.yarnpkg.com/parse-node-version/-/parse-node-version-1.0.1.tgz#e2b5dbede00e7fa9bc363607f53327e8b073189b"
  integrity sha512-3YHlOa/JgH6Mnpr05jP9eDG254US9ek25LyIxZlDItp2iJtwyaXQb57lBYLdT3MowkUFYEV2XXNAYIPlESvJlA==

path-parse@^1.0.7:
  version "1.0.7"
  resolved "https://registry.yarnpkg.com/path-parse/-/path-parse-1.0.7.tgz#fbc114b60ca42b30d9daf5858e4bd68bbedb6735"
  integrity sha512-LDJzPVEEEPR+y48z93A0Ed0yXb8pAByGWo/k5YYdYgpY2/2EsOsksJrq7lOHxryrVOn1ejG6oAp8ahvOIQD8sw==

picocolors@^1.0.0:
  version "1.0.0"
  resolved "https://registry.yarnpkg.com/picocolors/-/picocolors-1.0.0.tgz#cb5bdc74ff3f51892236eaf79d68bc44564ab81c"
  integrity sha512-1fygroTLlHu66zi26VoTDv8yRgm0Fccecssto+MhsZ0D/DGW2sm8E8AjW7NU5VVTRt5GxbeZ5qBuJr+HyLYkjQ==

pify@^4.0.1:
  version "4.0.1"
  resolved "https://registry.yarnpkg.com/pify/-/pify-4.0.1.tgz#4b2cd25c50d598735c50292224fd8c6df41e3231"
  integrity sha512-uB80kBFb/tfd68bVleG9T5GGsGPjJrLAUpR5PZIrhBnIaRTQRjqdJSsIKkOP6OAIFbj7GOrcudc5pNjZ+geV2g==

postcss-attribute-case-insensitive@^5.0.0:
  version "5.0.0"
  resolved "https://registry.yarnpkg.com/postcss-attribute-case-insensitive/-/postcss-attribute-case-insensitive-5.0.0.tgz#39cbf6babf3ded1e4abf37d09d6eda21c644105c"
  integrity sha512-b4g9eagFGq9T5SWX4+USfVyjIb3liPnjhHHRMP7FMB2kFVpYyfEscV0wP3eaXhKlcHKUut8lt5BGoeylWA/dBQ==
  dependencies:
    postcss-selector-parser "^6.0.2"

postcss-clamp@^4.1.0:
  version "4.1.0"
  resolved "https://registry.yarnpkg.com/postcss-clamp/-/postcss-clamp-4.1.0.tgz#7263e95abadd8c2ba1bd911b0b5a5c9c93e02363"
  integrity sha512-ry4b1Llo/9zz+PKC+030KUnPITTJAHeOwjfAyyB60eT0AorGLdzp52s31OsPRHRf8NchkgFoG2y6fCfn1IV1Ow==
  dependencies:
    postcss-value-parser "^4.2.0"

postcss-color-functional-notation@^4.2.2:
  version "4.2.2"
  resolved "https://registry.yarnpkg.com/postcss-color-functional-notation/-/postcss-color-functional-notation-4.2.2.tgz#f59ccaeb4ee78f1b32987d43df146109cc743073"
  integrity sha512-DXVtwUhIk4f49KK5EGuEdgx4Gnyj6+t2jBSEmxvpIK9QI40tWrpS2Pua8Q7iIZWBrki2QOaeUdEaLPPa91K0RQ==
  dependencies:
    postcss-value-parser "^4.2.0"

postcss-color-hex-alpha@^8.0.3:
  version "8.0.3"
  resolved "https://registry.yarnpkg.com/postcss-color-hex-alpha/-/postcss-color-hex-alpha-8.0.3.tgz#61a0fd151d28b128aa6a8a21a2dad24eebb34d52"
  integrity sha512-fESawWJCrBV035DcbKRPAVmy21LpoyiXdPTuHUfWJ14ZRjY7Y7PA6P4g8z6LQGYhU1WAxkTxjIjurXzoe68Glw==
  dependencies:
    postcss-value-parser "^4.2.0"

postcss-color-rebeccapurple@^7.0.2:
  version "7.0.2"
  resolved "https://registry.yarnpkg.com/postcss-color-rebeccapurple/-/postcss-color-rebeccapurple-7.0.2.tgz#5d397039424a58a9ca628762eb0b88a61a66e079"
  integrity sha512-SFc3MaocHaQ6k3oZaFwH8io6MdypkUtEy/eXzXEB1vEQlO3S3oDc/FSZA8AsS04Z25RirQhlDlHLh3dn7XewWw==
  dependencies:
    postcss-value-parser "^4.2.0"

postcss-custom-media@^8.0.0:
  version "8.0.0"
  resolved "https://registry.yarnpkg.com/postcss-custom-media/-/postcss-custom-media-8.0.0.tgz#1be6aff8be7dc9bf1fe014bde3b71b92bb4552f1"
  integrity sha512-FvO2GzMUaTN0t1fBULDeIvxr5IvbDXcIatt6pnJghc736nqNgsGao5NT+5+WVLAQiTt6Cb3YUms0jiPaXhL//g==

postcss-custom-properties@^12.1.5:
  version "12.1.5"
  resolved "https://registry.yarnpkg.com/postcss-custom-properties/-/postcss-custom-properties-12.1.5.tgz#e669cfff89b0ea6fc85c45864a32b450cb6b196f"
  integrity sha512-FHbbB/hRo/7cxLGkc2NS7cDRIDN1oFqQnUKBiyh4b/gwk8DD8udvmRDpUhEK836kB8ggUCieHVOvZDnF9XhI3g==
  dependencies:
    postcss-value-parser "^4.2.0"

postcss-custom-selectors@^6.0.0:
  version "6.0.0"
  resolved "https://registry.yarnpkg.com/postcss-custom-selectors/-/postcss-custom-selectors-6.0.0.tgz#022839e41fbf71c47ae6e316cb0e6213012df5ef"
  integrity sha512-/1iyBhz/W8jUepjGyu7V1OPcGbc636snN1yXEQCinb6Bwt7KxsiU7/bLQlp8GwAXzCh7cobBU5odNn/2zQWR8Q==
  dependencies:
    postcss-selector-parser "^6.0.4"

postcss-dir-pseudo-class@^6.0.4:
  version "6.0.4"
  resolved "https://registry.yarnpkg.com/postcss-dir-pseudo-class/-/postcss-dir-pseudo-class-6.0.4.tgz#9afe49ea631f0cb36fa0076e7c2feb4e7e3f049c"
  integrity sha512-I8epwGy5ftdzNWEYok9VjW9whC4xnelAtbajGv4adql4FIF09rnrxnA9Y8xSHN47y7gqFIv10C5+ImsLeJpKBw==
  dependencies:
    postcss-selector-parser "^6.0.9"

postcss-double-position-gradients@^3.1.1:
  version "3.1.1"
  resolved "https://registry.yarnpkg.com/postcss-double-position-gradients/-/postcss-double-position-gradients-3.1.1.tgz#a12cfdb7d11fa1a99ccecc747f0c19718fb37152"
  integrity sha512-jM+CGkTs4FcG53sMPjrrGE0rIvLDdCrqMzgDC5fLI7JHDO7o6QG8C5TQBtExb13hdBdoH9C2QVbG4jo2y9lErQ==
  dependencies:
    "@csstools/postcss-progressive-custom-properties" "^1.1.0"
    postcss-value-parser "^4.2.0"

postcss-env-function@^4.0.6:
  version "4.0.6"
  resolved "https://registry.yarnpkg.com/postcss-env-function/-/postcss-env-function-4.0.6.tgz#7b2d24c812f540ed6eda4c81f6090416722a8e7a"
  integrity sha512-kpA6FsLra+NqcFnL81TnsU+Z7orGtDTxcOhl6pwXeEq1yFPpRMkCDpHhrz8CFQDr/Wfm0jLiNQ1OsGGPjlqPwA==
  dependencies:
    postcss-value-parser "^4.2.0"

postcss-focus-visible@^6.0.4:
  version "6.0.4"
  resolved "https://registry.yarnpkg.com/postcss-focus-visible/-/postcss-focus-visible-6.0.4.tgz#50c9ea9afa0ee657fb75635fabad25e18d76bf9e"
  integrity sha512-QcKuUU/dgNsstIK6HELFRT5Y3lbrMLEOwG+A4s5cA+fx3A3y/JTq3X9LaOj3OC3ALH0XqyrgQIgey/MIZ8Wczw==
  dependencies:
    postcss-selector-parser "^6.0.9"

postcss-focus-within@^5.0.4:
  version "5.0.4"
  resolved "https://registry.yarnpkg.com/postcss-focus-within/-/postcss-focus-within-5.0.4.tgz#5b1d2ec603195f3344b716c0b75f61e44e8d2e20"
  integrity sha512-vvjDN++C0mu8jz4af5d52CB184ogg/sSxAFS+oUJQq2SuCe7T5U2iIsVJtsCp2d6R4j0jr5+q3rPkBVZkXD9fQ==
  dependencies:
    postcss-selector-parser "^6.0.9"

postcss-font-variant@^5.0.0:
  version "5.0.0"
  resolved "https://registry.yarnpkg.com/postcss-font-variant/-/postcss-font-variant-5.0.0.tgz#efd59b4b7ea8bb06127f2d031bfbb7f24d32fa66"
  integrity sha512-1fmkBaCALD72CK2a9i468mA/+tr9/1cBxRRMXOUaZqO43oWPR5imcyPjXwuv7PXbCid4ndlP5zWhidQVVa3hmA==

postcss-gap-properties@^3.0.3:
  version "3.0.3"
  resolved "https://registry.yarnpkg.com/postcss-gap-properties/-/postcss-gap-properties-3.0.3.tgz#6401bb2f67d9cf255d677042928a70a915e6ba60"
  integrity sha512-rPPZRLPmEKgLk/KlXMqRaNkYTUpE7YC+bOIQFN5xcu1Vp11Y4faIXv6/Jpft6FMnl6YRxZqDZG0qQOW80stzxQ==

postcss-image-set-function@^4.0.6:
  version "4.0.6"
  resolved "https://registry.yarnpkg.com/postcss-image-set-function/-/postcss-image-set-function-4.0.6.tgz#bcff2794efae778c09441498f40e0c77374870a9"
  integrity sha512-KfdC6vg53GC+vPd2+HYzsZ6obmPqOk6HY09kttU19+Gj1nC3S3XBVEXDHxkhxTohgZqzbUb94bKXvKDnYWBm/A==
  dependencies:
    postcss-value-parser "^4.2.0"

postcss-initial@^4.0.1:
  version "4.0.1"
  resolved "https://registry.yarnpkg.com/postcss-initial/-/postcss-initial-4.0.1.tgz#529f735f72c5724a0fb30527df6fb7ac54d7de42"
  integrity sha512-0ueD7rPqX8Pn1xJIjay0AZeIuDoF+V+VvMt/uOnn+4ezUKhZM/NokDeP6DwMNyIoYByuN/94IQnt5FEkaN59xQ==

postcss-lab-function@^4.1.2:
  version "4.1.2"
  resolved "https://registry.yarnpkg.com/postcss-lab-function/-/postcss-lab-function-4.1.2.tgz#b75afe43ba9c1f16bfe9bb12c8109cabd55b5fc2"
  integrity sha512-isudf5ldhg4fk16M8viAwAbg6Gv14lVO35N3Z/49NhbwPQ2xbiEoHgrRgpgQojosF4vF7jY653ktB6dDrUOR8Q==
  dependencies:
    "@csstools/postcss-progressive-custom-properties" "^1.1.0"
    postcss-value-parser "^4.2.0"

postcss-logical@^5.0.4:
  version "5.0.4"
  resolved "https://registry.yarnpkg.com/postcss-logical/-/postcss-logical-5.0.4.tgz#ec75b1ee54421acc04d5921576b7d8db6b0e6f73"
  integrity sha512-RHXxplCeLh9VjinvMrZONq7im4wjWGlRJAqmAVLXyZaXwfDWP73/oq4NdIp+OZwhQUMj0zjqDfM5Fj7qby+B4g==

postcss-media-minmax@^5.0.0:
  version "5.0.0"
  resolved "https://registry.yarnpkg.com/postcss-media-minmax/-/postcss-media-minmax-5.0.0.tgz#7140bddec173e2d6d657edbd8554a55794e2a5b5"
  integrity sha512-yDUvFf9QdFZTuCUg0g0uNSHVlJ5X1lSzDZjPSFaiCWvjgsvu8vEVxtahPrLMinIDEEGnx6cBe6iqdx5YWz08wQ==

postcss-nesting@^10.1.3:
  version "10.1.3"
  resolved "https://registry.yarnpkg.com/postcss-nesting/-/postcss-nesting-10.1.3.tgz#f0b1cd7ae675c697ab6a5a5ca1feea4784a2ef77"
  integrity sha512-wUC+/YCik4wH3StsbC5fBG1s2Z3ZV74vjGqBFYtmYKlVxoio5TYGM06AiaKkQPPlkXWn72HKfS7Cw5PYxnoXSw==
  dependencies:
    postcss-selector-parser "^6.0.9"

postcss-opacity-percentage@^1.1.2:
  version "1.1.2"
  resolved "https://registry.yarnpkg.com/postcss-opacity-percentage/-/postcss-opacity-percentage-1.1.2.tgz#bd698bb3670a0a27f6d657cc16744b3ebf3b1145"
  integrity sha512-lyUfF7miG+yewZ8EAk9XUBIlrHyUE6fijnesuz+Mj5zrIHIEw6KcIZSOk/elVMqzLvREmXB83Zi/5QpNRYd47w==

postcss-overflow-shorthand@^3.0.3:
  version "3.0.3"
  resolved "https://registry.yarnpkg.com/postcss-overflow-shorthand/-/postcss-overflow-shorthand-3.0.3.tgz#ebcfc0483a15bbf1b27fdd9b3c10125372f4cbc2"
  integrity sha512-CxZwoWup9KXzQeeIxtgOciQ00tDtnylYIlJBBODqkgS/PU2jISuWOL/mYLHmZb9ZhZiCaNKsCRiLp22dZUtNsg==

postcss-page-break@^3.0.4:
  version "3.0.4"
  resolved "https://registry.yarnpkg.com/postcss-page-break/-/postcss-page-break-3.0.4.tgz#7fbf741c233621622b68d435babfb70dd8c1ee5f"
  integrity sha512-1JGu8oCjVXLa9q9rFTo4MbeeA5FMe00/9C7lN4va606Rdb+HkxXtXsmEDrIraQ11fGz/WvKWa8gMuCKkrXpTsQ==

postcss-place@^7.0.4:
  version "7.0.4"
  resolved "https://registry.yarnpkg.com/postcss-place/-/postcss-place-7.0.4.tgz#eb026650b7f769ae57ca4f938c1addd6be2f62c9"
  integrity sha512-MrgKeiiu5OC/TETQO45kV3npRjOFxEHthsqGtkh3I1rPbZSbXGD/lZVi9j13cYh+NA8PIAPyk6sGjT9QbRyvSg==
  dependencies:
    postcss-value-parser "^4.2.0"

postcss-preset-env@^7.4.3:
  version "7.4.3"
  resolved "https://registry.yarnpkg.com/postcss-preset-env/-/postcss-preset-env-7.4.3.tgz#fb1c8b4cb405da042da0ddb8c5eda7842c08a449"
  integrity sha512-dlPA65g9KuGv7YsmGyCKtFkZKCPLkoVMUE3omOl6yM+qrynVHxFvf0tMuippIrXB/sB/MyhL1FgTIbrO+qMERg==
  dependencies:
    "@csstools/postcss-color-function" "^1.0.3"
    "@csstools/postcss-font-format-keywords" "^1.0.0"
    "@csstools/postcss-hwb-function" "^1.0.0"
    "@csstools/postcss-ic-unit" "^1.0.0"
    "@csstools/postcss-is-pseudo-class" "^2.0.1"
    "@csstools/postcss-normalize-display-values" "^1.0.0"
    "@csstools/postcss-oklab-function" "^1.0.2"
    "@csstools/postcss-progressive-custom-properties" "^1.3.0"
    autoprefixer "^10.4.4"
    browserslist "^4.20.2"
    css-blank-pseudo "^3.0.3"
    css-has-pseudo "^3.0.4"
    css-prefers-color-scheme "^6.0.3"
    cssdb "^6.5.0"
    postcss-attribute-case-insensitive "^5.0.0"
    postcss-clamp "^4.1.0"
    postcss-color-functional-notation "^4.2.2"
    postcss-color-hex-alpha "^8.0.3"
    postcss-color-rebeccapurple "^7.0.2"
    postcss-custom-media "^8.0.0"
    postcss-custom-properties "^12.1.5"
    postcss-custom-selectors "^6.0.0"
    postcss-dir-pseudo-class "^6.0.4"
    postcss-double-position-gradients "^3.1.1"
    postcss-env-function "^4.0.6"
    postcss-focus-visible "^6.0.4"
    postcss-focus-within "^5.0.4"
    postcss-font-variant "^5.0.0"
    postcss-gap-properties "^3.0.3"
    postcss-image-set-function "^4.0.6"
    postcss-initial "^4.0.1"
    postcss-lab-function "^4.1.2"
    postcss-logical "^5.0.4"
    postcss-media-minmax "^5.0.0"
    postcss-nesting "^10.1.3"
    postcss-opacity-percentage "^1.1.2"
    postcss-overflow-shorthand "^3.0.3"
    postcss-page-break "^3.0.4"
    postcss-place "^7.0.4"
    postcss-pseudo-class-any-link "^7.1.1"
    postcss-replace-overflow-wrap "^4.0.0"
    postcss-selector-not "^5.0.0"
    postcss-value-parser "^4.2.0"

postcss-pseudo-class-any-link@^7.1.1:
  version "7.1.1"
  resolved "https://registry.yarnpkg.com/postcss-pseudo-class-any-link/-/postcss-pseudo-class-any-link-7.1.1.tgz#534eb1dadd9945eb07830dbcc06fb4d5d865b8e0"
  integrity sha512-JRoLFvPEX/1YTPxRxp1JO4WxBVXJYrSY7NHeak5LImwJ+VobFMwYDQHvfTXEpcn+7fYIeGkC29zYFhFWIZD8fg==
  dependencies:
    postcss-selector-parser "^6.0.9"

postcss-pxtorem@^6.0.0:
  version "6.0.0"
  resolved "https://registry.yarnpkg.com/postcss-pxtorem/-/postcss-pxtorem-6.0.0.tgz#f228a4d05d8a73f0642eabae950e2b19836366d7"
  integrity sha512-ZRXrD7MLLjLk2RNGV6UA4f5Y7gy+a/j1EqjAfp9NdcNYVjUMvg5HTYduTjSkKBkRkfqbg/iKrjMO70V4g1LZeg==

postcss-replace-overflow-wrap@^4.0.0:
  version "4.0.0"
  resolved "https://registry.yarnpkg.com/postcss-replace-overflow-wrap/-/postcss-replace-overflow-wrap-4.0.0.tgz#d2df6bed10b477bf9c52fab28c568b4b29ca4319"
  integrity sha512-KmF7SBPphT4gPPcKZc7aDkweHiKEEO8cla/GjcBK+ckKxiZslIu3C4GCRW3DNfL0o7yW7kMQu9xlZ1kXRXLXtw==

postcss-selector-not@^5.0.0:
  version "5.0.0"
  resolved "https://registry.yarnpkg.com/postcss-selector-not/-/postcss-selector-not-5.0.0.tgz#ac5fc506f7565dd872f82f5314c0f81a05630dc7"
  integrity sha512-/2K3A4TCP9orP4TNS7u3tGdRFVKqz/E6pX3aGnriPG0jU78of8wsUcqE4QAhWEU0d+WnMSF93Ah3F//vUtK+iQ==
  dependencies:
    balanced-match "^1.0.0"

postcss-selector-parser@^6.0.2, postcss-selector-parser@^6.0.4, postcss-selector-parser@^6.0.9:
  version "6.0.10"
  resolved "https://registry.yarnpkg.com/postcss-selector-parser/-/postcss-selector-parser-6.0.10.tgz#79b61e2c0d1bfc2602d549e11d0876256f8df88d"
  integrity sha512-IQ7TZdoaqbT+LCpShg46jnZVlhWD2w6iQYAcYXfHARZ7X1t/UGhhceQDs5X0cGqKvYlHNOuv7Oa1xmb0oQuA3w==
  dependencies:
    cssesc "^3.0.0"
    util-deprecate "^1.0.2"

postcss-value-parser@^4.2.0:
  version "4.2.0"
  resolved "https://registry.yarnpkg.com/postcss-value-parser/-/postcss-value-parser-4.2.0.tgz#723c09920836ba6d3e5af019f92bc0971c02e514"
  integrity sha512-1NNCs6uurfkVbeXG4S8JFT9t19m45ICnif8zWLd5oPSZ50QnwMfK+H3jv408d4jw/7Bttv5axS5IiHoLaVNHeQ==

postcss@^8.1.10, postcss@^8.4.6:
  version "8.4.12"
  resolved "https://registry.yarnpkg.com/postcss/-/postcss-8.4.12.tgz#1e7de78733b28970fa4743f7da6f3763648b1905"
  integrity sha512-lg6eITwYe9v6Hr5CncVbK70SoioNQIq81nsaG86ev5hAidQvmOeETBqs7jm43K2F5/Ley3ytDtriImV6TpNiSg==
  dependencies:
    nanoid "^3.3.1"
    picocolors "^1.0.0"
    source-map-js "^1.0.2"

prr@~1.0.1:
  version "1.0.1"
  resolved "https://registry.yarnpkg.com/prr/-/prr-1.0.1.tgz#d3fc114ba06995a45ec6893f484ceb1d78f5f476"
  integrity sha1-0/wRS6BplaRexok/SEzrHXj19HY=

resolve@^1.22.0:
  version "1.22.0"
  resolved "https://registry.yarnpkg.com/resolve/-/resolve-1.22.0.tgz#5e0b8c67c15df57a89bdbabe603a002f21731198"
  integrity sha512-Hhtrw0nLeSrFQ7phPp4OOcVjLPIeMnRlr5mcnVuMe7M/7eBn98A3hmFRLoFo3DLZkivSYwhRUJTyPyWAk56WLw==
  dependencies:
    is-core-module "^2.8.1"
    path-parse "^1.0.7"
    supports-preserve-symlinks-flag "^1.0.0"

rollup@^2.59.0:
  version "2.70.1"
  resolved "https://registry.yarnpkg.com/rollup/-/rollup-2.70.1.tgz#824b1f1f879ea396db30b0fc3ae8d2fead93523e"
  integrity sha512-CRYsI5EuzLbXdxC6RnYhOuRdtz4bhejPMSWjsFLfVM/7w/85n2szZv6yExqUXsBdz5KT8eoubeyDUDjhLHEslA==
  optionalDependencies:
    fsevents "~2.3.2"

"safer-buffer@>= 2.1.2 < 3":
  version "2.1.2"
  resolved "https://registry.yarnpkg.com/safer-buffer/-/safer-buffer-2.1.2.tgz#44fa161b0187b9549dd84bb91802f9bd8385cd6a"
  integrity sha512-YZo3K82SD7Riyi0E1EQPojLz7kpepnSQI9IyPbHHg1XXXevb5dJI7tpyN2ADxGcQbHG7vcyRHk0cbwqcQriUtg==

sax@^1.2.4:
  version "1.2.4"
  resolved "https://registry.yarnpkg.com/sax/-/sax-1.2.4.tgz#2816234e2378bddc4e5354fab5caa895df7100d9"
  integrity sha512-NqVDv9TpANUjFm0N8uM5GxL36UgKi9/atZw+x7YFnQ8ckwFGKrl4xX4yWtrey3UJm5nP1kUbnYgLopqWNSRhWw==

semver@^5.6.0:
  version "5.7.1"
  resolved "https://registry.yarnpkg.com/semver/-/semver-5.7.1.tgz#a954f931aeba508d307bbf069eff0c01c96116f7"
  integrity sha512-sauaDf/PZdVgrLTNYHRtpXa1iRiKcaebiKQ1BJdpQlWH2lCvexQdX55snPFyK7QzpudqbCI0qXFfOasHdyNDGQ==

semver@^7.3.5:
  version "7.3.5"
  resolved "https://registry.yarnpkg.com/semver/-/semver-7.3.5.tgz#0b621c879348d8998e4b0e4be94b3f12e6018ef7"
  integrity sha512-PoeGJYh8HK4BTO/a9Tf6ZG3veo/A7ZVsYrSA6J8ny9nb3B1VrpkuN+z9OE5wfE5p6H4LchYZsegiQgbJD94ZFQ==
  dependencies:
    lru-cache "^6.0.0"

source-map-js@^1.0.2:
  version "1.0.2"
  resolved "https://registry.yarnpkg.com/source-map-js/-/source-map-js-1.0.2.tgz#adbc361d9c62df380125e7f161f71c826f1e490c"
  integrity sha512-R0XvVJ9WusLiqTCEiGCmICCMplcCkIwwR11mOSD9CR5u+IXYdiseeEuXCVAjS54zqwkLcPNnmU4OeJ6tUrWhDw==

source-map@^0.6.1, source-map@~0.6.0:
  version "0.6.1"
  resolved "https://registry.yarnpkg.com/source-map/-/source-map-0.6.1.tgz#74722af32e9614e9c287a8d0bbde48b5e2f1a263"
  integrity sha512-UjgapumWlbMhkBgzT7Ykc5YXUT46F0iKu8SGXq0bcwP5dz/h0Plj6enJqjz1Zbq2l5WaqYnrVbwWOWMyF3F47g==

sourcemap-codec@^1.4.8:
  version "1.4.8"
  resolved "https://registry.yarnpkg.com/sourcemap-codec/-/sourcemap-codec-1.4.8.tgz#ea804bd94857402e6992d05a38ef1ae35a9ab4c4"
  integrity sha512-9NykojV5Uih4lgo5So5dtw+f0JgJX30KCNI8gwhz2J9A15wD0Ml6tjHKwf6fTSa6fAdVBdZeNOs9eJ71qCk8vA==

supports-preserve-symlinks-flag@^1.0.0:
  version "1.0.0"
  resolved "https://registry.yarnpkg.com/supports-preserve-symlinks-flag/-/supports-preserve-symlinks-flag-1.0.0.tgz#6eda4bd344a3c94aea376d4cc31bc77311039e09"
  integrity sha512-ot0WnXS9fgdkgIcePe6RHNk1WA8+muPa6cSjeR3V8K27q9BB1rTE3R1p7Hv0z1ZyAc8s6Vvv8DIyWf681MAt0w==

tslib@^2.3.0:
  version "2.3.1"
  resolved "https://registry.yarnpkg.com/tslib/-/tslib-2.3.1.tgz#e8a335add5ceae51aa261d32a490158ef042ef01"
  integrity sha512-77EbyPPpMz+FRFRuAFlWMtmgUWGe9UOG2Z25NqCwiIjRhOf5iKGuzSe5P2w1laq+FkRy4p+PCuVkJSGkzTEKVw==

util-deprecate@^1.0.2:
  version "1.0.2"
  resolved "https://registry.yarnpkg.com/util-deprecate/-/util-deprecate-1.0.2.tgz#450d4dc9fa70de732762fbd2d4a28981419a0ccf"
  integrity sha1-RQ1Nyfpw3nMnYvvS1KKJgUGaDM8=

vite@^2.8.0:
  version "2.8.6"
  resolved "https://registry.yarnpkg.com/vite/-/vite-2.8.6.tgz#32d50e23c99ca31b26b8ccdc78b1d72d4d7323d3"
  integrity sha512-e4H0QpludOVKkmOsRyqQ7LTcMUDF3mcgyNU4lmi0B5JUbe0ZxeBBl8VoZ8Y6Rfn9eFKYtdXNPcYK97ZwH+K2ug==
  dependencies:
    esbuild "^0.14.14"
    postcss "^8.4.6"
    resolve "^1.22.0"
    rollup "^2.59.0"
  optionalDependencies:
    fsevents "~2.3.2"

vue-eslint-parser@^8.0.1:
  version "8.3.0"
  resolved "https://registry.yarnpkg.com/vue-eslint-parser/-/vue-eslint-parser-8.3.0.tgz#5d31129a1b3dd89c0069ca0a1c88f970c360bd0d"
  integrity sha512-dzHGG3+sYwSf6zFBa0Gi9ZDshD7+ad14DGOdTLjruRVgZXe2J+DcZ9iUhyR48z5g1PqRa20yt3Njna/veLJL/g==
  dependencies:
    debug "^4.3.2"
    eslint-scope "^7.0.0"
    eslint-visitor-keys "^3.1.0"
    espree "^9.0.0"
    esquery "^1.4.0"
    lodash "^4.17.21"
    semver "^7.3.5"

vue@^3.2.25:
  version "3.2.31"
  resolved "https://registry.yarnpkg.com/vue/-/vue-3.2.31.tgz#e0c49924335e9f188352816788a4cca10f817ce6"
  integrity sha512-odT3W2tcffTiQCy57nOT93INw1auq5lYLLYtWpPYQQYQOOdHiqFct9Xhna6GJ+pJQaF67yZABraH47oywkJgFw==
  dependencies:
    "@vue/compiler-dom" "3.2.31"
    "@vue/compiler-sfc" "3.2.31"
    "@vue/runtime-dom" "3.2.31"
    "@vue/server-renderer" "3.2.31"
    "@vue/shared" "3.2.31"

yallist@^4.0.0:
  version "4.0.0"
  resolved "https://registry.yarnpkg.com/yallist/-/yallist-4.0.0.tgz#9bb92790d9c0effec63be73519e11a35019a3a72"
  integrity sha512-3wdGidZyq5PB084XLES5TpOSRA3wjXAlIWMhum2kRcv/41Sn2emQ0dycQW4uZXLejwKvg6EsvbdlVL+FYEct7A==
